
Microsoft Visual Studio Solution File, Format Version 12.00
# Visual Studio Version 17
VisualStudioVersion = 17.8.34408.163
MinimumVisualStudioVersion = 10.0.40219.1
Project("{FAE04EC0-301F-11D3-BF4B-00C04F79EFBC}") = "AsynchronousServer", "AsynchronousServer.csproj", "{9EED4385-EA1E-4C3B-BCDA-3C40E5AA394F}"
EndProject
Global
	GlobalSection(SolutionConfigurationPlatforms) = preSolution
		Debug|Any CPU = Debug|Any CPU
		Release|Any CPU = Release|Any CPU
	EndGlobalSection
	GlobalSection(ProjectConfigurationPlatforms) = postSolution
		{9EED4385-EA1E-4C3B-BCDA-3C40E5AA394F}.Debug|Any CPU.ActiveCfg = Debug|Any CPU
		{9EED4385-EA1E-4C3B-BCDA-3C40E5AA394F}.Debug|Any CPU.Build.0 = Debug|Any CPU
		{9EED4385-EA1E-4C3B-BCDA-3C40E5AA394F}.Release|Any CPU.ActiveCfg = Release|Any CPU
		{9EED4385-EA1E-4C3B-BCDA-3C40E5AA394F}.Release|Any CPU.Build.0 = Release|Any CPU
	EndGlobalSection
	GlobalSection(SolutionProperties) = preSolution
		HideSolutionNode = FALSE
	EndGlobalSection
	GlobalSection(ExtensibilityGlobals) = postSolution
		SolutionGuid = {3EC1DD2E-9B4C-4ABE-B3F1-C64C3CB4CDEC}
	EndGlobalSection
EndGlobal
