
Microsoft Visual Studio Solution File, Format Version 12.00
# Visual Studio Version 17
VisualStudioVersion = 17.8.34408.163
MinimumVisualStudioVersion = 10.0.40219.1
Project("{FAE04EC0-301F-11D3-BF4B-00C04F79EFBC}") = "SynchronousClient", "SynchronousClient.csproj", "{9AEF4419-2A42-4243-ABED-298364D7A437}"
EndProject
Global
	GlobalSection(SolutionConfigurationPlatforms) = preSolution
		Debug|Any CPU = Debug|Any CPU
		Release|Any CPU = Release|Any CPU
	EndGlobalSection
	GlobalSection(ProjectConfigurationPlatforms) = postSolution
		{9AEF4419-2A42-4243-ABED-298364D7A437}.Debug|Any CPU.ActiveCfg = Debug|Any CPU
		{9AEF4419-2A42-4243-ABED-298364D7A437}.Debug|Any CPU.Build.0 = Debug|Any CPU
		{9AEF4419-2A42-4243-ABED-298364D7A437}.Release|Any CPU.ActiveCfg = Release|Any CPU
		{9AEF4419-2A42-4243-ABED-298364D7A437}.Release|Any CPU.Build.0 = Release|Any CPU
	EndGlobalSection
	GlobalSection(SolutionProperties) = preSolution
		HideSolutionNode = FALSE
	EndGlobalSection
	GlobalSection(ExtensibilityGlobals) = postSolution
		SolutionGuid = {9B9650A3-71A6-4EC4-BB3E-95391C895498}
	EndGlobalSection
EndGlobal
