
Microsoft Visual Studio Solution File, Format Version 12.00
# Visual Studio Version 17
VisualStudioVersion = 17.8.34408.163
MinimumVisualStudioVersion = 10.0.40219.1
Project("{FAE04EC0-301F-11D3-BF4B-00C04F79EFBC}") = "video16", "video16.csproj", "{C60B6883-58A1-4756-BD6F-B791D8169DC3}"
EndProject
Global
	GlobalSection(SolutionConfigurationPlatforms) = preSolution
		Debug|Any CPU = Debug|Any CPU
		Release|Any CPU = Release|Any CPU
	EndGlobalSection
	GlobalSection(ProjectConfigurationPlatforms) = postSolution
		{C60B6883-58A1-4756-BD6F-B791D8169DC3}.Debug|Any CPU.ActiveCfg = Debug|Any CPU
		{C60B6883-58A1-4756-BD6F-B791D8169DC3}.Debug|Any CPU.Build.0 = Debug|Any CPU
		{C60B6883-58A1-4756-BD6F-B791D8169DC3}.Release|Any CPU.ActiveCfg = Release|Any CPU
		{C60B6883-58A1-4756-BD6F-B791D8169DC3}.Release|Any CPU.Build.0 = Release|Any CPU
	EndGlobalSection
	GlobalSection(SolutionProperties) = preSolution
		HideSolutionNode = FALSE
	EndGlobalSection
	GlobalSection(ExtensibilityGlobals) = postSolution
		SolutionGuid = {BF72408D-4540-4D62-A82F-978FCF512E60}
	EndGlobalSection
EndGlobal
