
Microsoft Visual Studio Solution File, Format Version 12.00
# Visual Studio Version 17
VisualStudioVersion = 17.8.34408.163
MinimumVisualStudioVersion = 10.0.40219.1
Project("{FAE04EC0-301F-11D3-BF4B-00C04F79EFBC}") = "video08", "video08.csproj", "{97E6148F-D387-4C9B-B6E9-1CE420147694}"
EndProject
Global
	GlobalSection(SolutionConfigurationPlatforms) = preSolution
		Debug|Any CPU = Debug|Any CPU
		Release|Any CPU = Release|Any CPU
	EndGlobalSection
	GlobalSection(ProjectConfigurationPlatforms) = postSolution
		{97E6148F-D387-4C9B-B6E9-1CE420147694}.Debug|Any CPU.ActiveCfg = Debug|Any CPU
		{97E6148F-D387-4C9B-B6E9-1CE420147694}.Debug|Any CPU.Build.0 = Debug|Any CPU
		{97E6148F-D387-4C9B-B6E9-1CE420147694}.Release|Any CPU.ActiveCfg = Release|Any CPU
		{97E6148F-D387-4C9B-B6E9-1CE420147694}.Release|Any CPU.Build.0 = Release|Any CPU
	EndGlobalSection
	GlobalSection(SolutionProperties) = preSolution
		HideSolutionNode = FALSE
	EndGlobalSection
	GlobalSection(ExtensibilityGlobals) = postSolution
		SolutionGuid = {9C4A754F-0996-414A-8F20-4995AD48C495}
	EndGlobalSection
EndGlobal
