
Microsoft Visual Studio Solution File, Format Version 12.00
# Visual Studio Version 17
VisualStudioVersion = 17.8.34408.163
MinimumVisualStudioVersion = 10.0.40219.1
Project("{FAE04EC0-301F-11D3-BF4B-00C04F79EFBC}") = "SynchronousServer", "SynchronousServer.csproj", "{A03C88FD-6E14-4629-97F5-8B8A830AC413}"
EndProject
Global
	GlobalSection(SolutionConfigurationPlatforms) = preSolution
		Debug|Any CPU = Debug|Any CPU
		Release|Any CPU = Release|Any CPU
	EndGlobalSection
	GlobalSection(ProjectConfigurationPlatforms) = postSolution
		{A03C88FD-6E14-4629-97F5-8B8A830AC413}.Debug|Any CPU.ActiveCfg = Debug|Any CPU
		{A03C88FD-6E14-4629-97F5-8B8A830AC413}.Debug|Any CPU.Build.0 = Debug|Any CPU
		{A03C88FD-6E14-4629-97F5-8B8A830AC413}.Release|Any CPU.ActiveCfg = Release|Any CPU
		{A03C88FD-6E14-4629-97F5-8B8A830AC413}.Release|Any CPU.Build.0 = Release|Any CPU
	EndGlobalSection
	GlobalSection(SolutionProperties) = preSolution
		HideSolutionNode = FALSE
	EndGlobalSection
	GlobalSection(ExtensibilityGlobals) = postSolution
		SolutionGuid = {9FF0CB73-5A59-4D78-82A5-63B3CCA0B4FE}
	EndGlobalSection
EndGlobal
