
Microsoft Visual Studio Solution File, Format Version 12.00
# Visual Studio Version 17
VisualStudioVersion = 17.8.34408.163
MinimumVisualStudioVersion = 10.0.40219.1
Project("{FAE04EC0-301F-11D3-BF4B-00C04F79EFBC}") = "video17", "video17.csproj", "{3710C757-1A1F-4D43-A1BA-F42ACBE713B7}"
EndProject
Global
	GlobalSection(SolutionConfigurationPlatforms) = preSolution
		Debug|Any CPU = Debug|Any CPU
		Release|Any CPU = Release|Any CPU
	EndGlobalSection
	GlobalSection(ProjectConfigurationPlatforms) = postSolution
		{3710C757-1A1F-4D43-A1BA-F42ACBE713B7}.Debug|Any CPU.ActiveCfg = Debug|Any CPU
		{3710C757-1A1F-4D43-A1BA-F42ACBE713B7}.Debug|Any CPU.Build.0 = Debug|Any CPU
		{3710C757-1A1F-4D43-A1BA-F42ACBE713B7}.Release|Any CPU.ActiveCfg = Release|Any CPU
		{3710C757-1A1F-4D43-A1BA-F42ACBE713B7}.Release|Any CPU.Build.0 = Release|Any CPU
	EndGlobalSection
	GlobalSection(SolutionProperties) = preSolution
		HideSolutionNode = FALSE
	EndGlobalSection
	GlobalSection(ExtensibilityGlobals) = postSolution
		SolutionGuid = {1B1F9987-1196-4CCA-BDD2-A8ACC303579D}
	EndGlobalSection
EndGlobal
